
Microsoft Visual Studio Solution File, Format Version 12.00
# Visual Studio Version 16
VisualStudioVersion = 16.0.29613.14
MinimumVisualStudioVersion = 10.0.40219.1
Project("{8BC9CEB8-8B4A-11D0-8D11-00A0C91BC942}") = "1281B - Azamon Web Services", "1281B - Azamon Web Services.vcxproj", "{5F21579C-9AD5-4C66-8736-ECD75227BB56}"
EndProject
Global
	GlobalSection(SolutionConfigurationPlatforms) = preSolution
		Debug|x64 = Debug|x64
		Debug|x86 = Debug|x86
		Release|x64 = Release|x64
		Release|x86 = Release|x86
	EndGlobalSection
	GlobalSection(ProjectConfigurationPlatforms) = postSolution
		{5F21579C-9AD5-4C66-8736-ECD75227BB56}.Debug|x64.ActiveCfg = Debug|x64
		{5F21579C-9AD5-4C66-8736-ECD75227BB56}.Debug|x64.Build.0 = Debug|x64
		{5F21579C-9AD5-4C66-8736-ECD75227BB56}.Debug|x86.ActiveCfg = Debug|Win32
		{5F21579C-9AD5-4C66-8736-ECD75227BB56}.Debug|x86.Build.0 = Debug|Win32
		{5F21579C-9AD5-4C66-8736-ECD75227BB56}.Release|x64.ActiveCfg = Release|x64
		{5F21579C-9AD5-4C66-8736-ECD75227BB56}.Release|x64.Build.0 = Release|x64
		{5F21579C-9AD5-4C66-8736-ECD75227BB56}.Release|x86.ActiveCfg = Release|Win32
		{5F21579C-9AD5-4C66-8736-ECD75227BB56}.Release|x86.Build.0 = Release|Win32
	EndGlobalSection
	GlobalSection(SolutionProperties) = preSolution
		HideSolutionNode = FALSE
	EndGlobalSection
	GlobalSection(ExtensibilityGlobals) = postSolution
		SolutionGuid = {C9321671-8D15-4AA2-A61F-3A850610AB2F}
	EndGlobalSection
EndGlobal
